
Microsoft Visual Studio Solution File, Format Version 12.00
# Visual Studio Version 17
VisualStudioVersion = 17.11.35222.181
MinimumVisualStudioVersion = 10.0.40219.1
Project("{FAE04EC0-301F-11D3-BF4B-00C04F79EFBC}") = "Week1FirstApp", "Week1FirstApp\Week1FirstApp.csproj", "{89DD9240-E9C0-4262-863F-4E6B91F3DE10}"
EndProject
Global
	GlobalSection(SolutionConfigurationPlatforms) = preSolution
		Debug|Any CPU = Debug|Any CPU
		Release|Any CPU = Release|Any CPU
	EndGlobalSection
	GlobalSection(ProjectConfigurationPlatforms) = postSolution
		{89DD9240-E9C0-4262-863F-4E6B91F3DE10}.Debug|Any CPU.ActiveCfg = Debug|Any CPU
		{89DD9240-E9C0-4262-863F-4E6B91F3DE10}.Debug|Any CPU.Build.0 = Debug|Any CPU
		{89DD9240-E9C0-4262-863F-4E6B91F3DE10}.Release|Any CPU.ActiveCfg = Release|Any CPU
		{89DD9240-E9C0-4262-863F-4E6B91F3DE10}.Release|Any CPU.Build.0 = Release|Any CPU
	EndGlobalSection
	GlobalSection(SolutionProperties) = preSolution
		HideSolutionNode = FALSE
	EndGlobalSection
	GlobalSection(ExtensibilityGlobals) = postSolution
		SolutionGuid = {70BAD5E5-1960-470D-99D4-3B99747D3C3A}
	EndGlobalSection
EndGlobal
